{
  "requires": true,
  "lockfileVersion": 1,
  "dependencies": {
    "axios": {
      "version": "0.21.4",
      "resolved": "https://registry.npmjs.org/axios/-/axios-0.21.4.tgz",
      "integrity": "sha512-ut5vewkiu8jjGBdqpM44XxjuCjq9LAKeHVmoVfHVzy8eHgxxq8SbAVQNovDA8mVi05kP0Ea/n/UzcSHcTJQfNg==",
      "requires": {
        "follow-redirects": "^1.14.0"
      }
    },
    "clsx": {
      "version": "1.1.1",
      "resolved": "https://registry.npmjs.org/clsx/-/clsx-1.1.1.tgz",
      "integrity": "sha512-6/bPho624p3S2pMyvP5kKBPXnI3ufHLObBFCfgx+LkeR5lg2XYy2hqZqUf45ypD8COn2bhgGJSUE+l5dhNBieA=="
    },
    "follow-redirects": {
      "version": "1.14.3",
      "resolved": "https://registry.npmjs.org/follow-redirects/-/follow-redirects-1.14.3.tgz",
      "integrity": "sha512-3MkHxknWMUtb23apkgz/83fDoe+y+qr0TdgacGIA7bew+QLBo3vdgEN2xEsuXNivpFy4CyDhBBZnNZOtalmenw=="
    },
    "react-toastify": {
      "version": "8.0.2",
      "resolved": "https://registry.npmjs.org/react-toastify/-/react-toastify-8.0.2.tgz",
      "integrity": "sha512-0Nud2d0VD4LIevgkB4L8NYoQ5plTpfqgj2CRVxs58SGA/TTO+2Ojz4C1bLUdGUWsw0zuWqd4GJqxNuMIv0cXMw==",
      "requires": {
        "clsx": "^1.1.1"
      }
    },
    "simple-react-validator": {
      "version": "1.6.1",
      "resolved": "https://registry.npmjs.org/simple-react-validator/-/simple-react-validator-1.6.1.tgz",
      "integrity": "sha512-jguG7UlulRRBPZEyRroShUpRpV9cC5VjA4WnVGRzZgjqbQGr/twq4LLjqxt5QiSnJZE415gnbXH4oqWR2Ggmaw=="
    }
  }
}
